
Microsoft Visual Studio Solution File, Format Version 12.00
# Visual Studio Version 17
VisualStudioVersion = 17.8.34525.116
MinimumVisualStudioVersion = 10.0.40219.1
Project("{FAE04EC0-301F-11D3-BF4B-00C04F79EFBC}") = "PR18", "PR18.csproj", "{B019A98E-603E-48EB-BD80-12F9840F4C16}"
EndProject
Global
	GlobalSection(SolutionConfigurationPlatforms) = preSolution
		Debug|Any CPU = Debug|Any CPU
		Release|Any CPU = Release|Any CPU
	EndGlobalSection
	GlobalSection(ProjectConfigurationPlatforms) = postSolution
		{B019A98E-603E-48EB-BD80-12F9840F4C16}.Debug|Any CPU.ActiveCfg = Debug|Any CPU
		{B019A98E-603E-48EB-BD80-12F9840F4C16}.Debug|Any CPU.Build.0 = Debug|Any CPU
		{B019A98E-603E-48EB-BD80-12F9840F4C16}.Release|Any CPU.ActiveCfg = Release|Any CPU
		{B019A98E-603E-48EB-BD80-12F9840F4C16}.Release|Any CPU.Build.0 = Release|Any CPU
	EndGlobalSection
	GlobalSection(SolutionProperties) = preSolution
		HideSolutionNode = FALSE
	EndGlobalSection
	GlobalSection(ExtensibilityGlobals) = postSolution
		SolutionGuid = {9C38CEF8-8325-4F06-9545-2ACF318E84C3}
	EndGlobalSection
EndGlobal
