
Microsoft Visual Studio Solution File, Format Version 12.00
# Visual Studio Version 17
VisualStudioVersion = 17.8.34525.116
MinimumVisualStudioVersion = 10.0.40219.1
Project("{FAE04EC0-301F-11D3-BF4B-00C04F79EFBC}") = "PR20 WF", "PR20 WF.csproj", "{D103EE6D-89F3-4BC9-9D23-B0DADBD51456}"
EndProject
Global
	GlobalSection(SolutionConfigurationPlatforms) = preSolution
		Debug|Any CPU = Debug|Any CPU
		Release|Any CPU = Release|Any CPU
	EndGlobalSection
	GlobalSection(ProjectConfigurationPlatforms) = postSolution
		{D103EE6D-89F3-4BC9-9D23-B0DADBD51456}.Debug|Any CPU.ActiveCfg = Debug|Any CPU
		{D103EE6D-89F3-4BC9-9D23-B0DADBD51456}.Debug|Any CPU.Build.0 = Debug|Any CPU
		{D103EE6D-89F3-4BC9-9D23-B0DADBD51456}.Release|Any CPU.ActiveCfg = Release|Any CPU
		{D103EE6D-89F3-4BC9-9D23-B0DADBD51456}.Release|Any CPU.Build.0 = Release|Any CPU
	EndGlobalSection
	GlobalSection(SolutionProperties) = preSolution
		HideSolutionNode = FALSE
	EndGlobalSection
	GlobalSection(ExtensibilityGlobals) = postSolution
		SolutionGuid = {B2A66BB1-2B03-4A27-B061-6D89D9F3E1C6}
	EndGlobalSection
EndGlobal
