
Microsoft Visual Studio Solution File, Format Version 12.00
# Visual Studio Version 17
VisualStudioVersion = 17.1.32328.378
MinimumVisualStudioVersion = 10.0.40219.1
Project("{FAE04EC0-301F-11D3-BF4B-00C04F79EFBC}") = "notepad", "notepad\notepad.csproj", "{545A483B-39B2-412E-94F1-63EDC9E8788C}"
EndProject
Global
	GlobalSection(SolutionConfigurationPlatforms) = preSolution
		Debug|Any CPU = Debug|Any CPU
		Release|Any CPU = Release|Any CPU
	EndGlobalSection
	GlobalSection(ProjectConfigurationPlatforms) = postSolution
		{545A483B-39B2-412E-94F1-63EDC9E8788C}.Debug|Any CPU.ActiveCfg = Debug|Any CPU
		{545A483B-39B2-412E-94F1-63EDC9E8788C}.Debug|Any CPU.Build.0 = Debug|Any CPU
		{545A483B-39B2-412E-94F1-63EDC9E8788C}.Release|Any CPU.ActiveCfg = Release|Any CPU
		{545A483B-39B2-412E-94F1-63EDC9E8788C}.Release|Any CPU.Build.0 = Release|Any CPU
	EndGlobalSection
	GlobalSection(SolutionProperties) = preSolution
		HideSolutionNode = FALSE
	EndGlobalSection
	GlobalSection(ExtensibilityGlobals) = postSolution
		SolutionGuid = {BE14F7E9-2821-4151-9883-955366EC8B2D}
	EndGlobalSection
EndGlobal
