
Microsoft Visual Studio Solution File, Format Version 12.00
# Visual Studio Version 17
VisualStudioVersion = 17.8.34525.116
MinimumVisualStudioVersion = 10.0.40219.1
Project("{FAE04EC0-301F-11D3-BF4B-00C04F79EFBC}") = "PR1", "PR1.csproj", "{4813BBEC-F181-49E3-BB2C-79208813368A}"
EndProject
Global
	GlobalSection(SolutionConfigurationPlatforms) = preSolution
		Debug|Any CPU = Debug|Any CPU
		Release|Any CPU = Release|Any CPU
	EndGlobalSection
	GlobalSection(ProjectConfigurationPlatforms) = postSolution
		{4813BBEC-F181-49E3-BB2C-79208813368A}.Debug|Any CPU.ActiveCfg = Debug|Any CPU
		{4813BBEC-F181-49E3-BB2C-79208813368A}.Debug|Any CPU.Build.0 = Debug|Any CPU
		{4813BBEC-F181-49E3-BB2C-79208813368A}.Release|Any CPU.ActiveCfg = Release|Any CPU
		{4813BBEC-F181-49E3-BB2C-79208813368A}.Release|Any CPU.Build.0 = Release|Any CPU
	EndGlobalSection
	GlobalSection(SolutionProperties) = preSolution
		HideSolutionNode = FALSE
	EndGlobalSection
	GlobalSection(ExtensibilityGlobals) = postSolution
		SolutionGuid = {0CD22740-7613-4AFE-A284-85DD49BF2BF4}
	EndGlobalSection
EndGlobal
